
Microsoft Visual Studio Solution File, Format Version 12.00
# Visual Studio Version 17
VisualStudioVersion = 17.1.32228.430
MinimumVisualStudioVersion = 10.0.40219.1
Project("{8BC9CEB8-8B4A-11D0-8D11-00A0C91BC942}") = "circularQueue", "circularQueue.vcxproj", "{8A9DF201-81C2-4A2A-A298-310FEE52C451}"
EndProject
Global
	GlobalSection(SolutionConfigurationPlatforms) = preSolution
		Debug|x64 = Debug|x64
		Debug|x86 = Debug|x86
		Release|x64 = Release|x64
		Release|x86 = Release|x86
	EndGlobalSection
	GlobalSection(ProjectConfigurationPlatforms) = postSolution
		{8A9DF201-81C2-4A2A-A298-310FEE52C451}.Debug|x64.ActiveCfg = Debug|x64
		{8A9DF201-81C2-4A2A-A298-310FEE52C451}.Debug|x64.Build.0 = Debug|x64
		{8A9DF201-81C2-4A2A-A298-310FEE52C451}.Debug|x86.ActiveCfg = Debug|Win32
		{8A9DF201-81C2-4A2A-A298-310FEE52C451}.Debug|x86.Build.0 = Debug|Win32
		{8A9DF201-81C2-4A2A-A298-310FEE52C451}.Release|x64.ActiveCfg = Release|x64
		{8A9DF201-81C2-4A2A-A298-310FEE52C451}.Release|x64.Build.0 = Release|x64
		{8A9DF201-81C2-4A2A-A298-310FEE52C451}.Release|x86.ActiveCfg = Release|Win32
		{8A9DF201-81C2-4A2A-A298-310FEE52C451}.Release|x86.Build.0 = Release|Win32
	EndGlobalSection
	GlobalSection(SolutionProperties) = preSolution
		HideSolutionNode = FALSE
	EndGlobalSection
	GlobalSection(ExtensibilityGlobals) = postSolution
		SolutionGuid = {39D72E69-6BDB-4AD5-BB15-B33E7E09A7D5}
	EndGlobalSection
EndGlobal
